# Written by scripts/sync-thread-protocol.sh. Do not edit by hand.
atika_commit=6abdeb2fd63a392e239e4925c933bc9eb0fe31c5
protocol_version=2
schema_sha256=cfd2af4e727128778eefa1a673a2eefcafa9054b4fa279ee809f3f63e92f37c7
# One sha256 line per copied file. --check recomputes every one.
sha256 9c50a71550de5946ebcdd657778044b235c40531b59e0a213d96eb0cfd2d5490 android/app/src/main/kotlin/com/voiceflow/mobile/generated/PlatformContracts.kt
sha256 dbaa7f190238e0c27965b32e002c43018fb80a0b74dc78119831ae2e8feacf9d contract-fixtures/device-contract/CallerMeta.json
sha256 4af2aa8bddea9a703356770bda187991d5c8aa7c23673001c5bf6572341c9a1a contract-fixtures/device-contract/ChannelError.json
sha256 c13b2cb4f519832c2db07bd5762f83bcf9ef58eefe8dc385f582cb96f8016d27 contract-fixtures/device-contract/ChannelRequest.json
sha256 d01fc096f907c9d7e0dbc6cf6f46780fa1c67fb7c3b221a66f8676ed28fa6af4 contract-fixtures/device-contract/ChannelResponse.json
sha256 bda77907292342392bc3b78c67f562d5a7b7e35ca18a651e70eea60bd4028166 contract-fixtures/device-contract/ClientDecisionCommand.json
sha256 a72a195a620ea013ac290dfa483f3572f36d81e497c4bdf83b8fea7e1da92929 contract-fixtures/device-contract/Command.json
sha256 35c405630a39a3171ff25cdeb41c84d03902ac7dcc77b43b202f5f2cd7efd71f contract-fixtures/device-contract/CommandAck.json
sha256 b383dbaa5b0266927885d5c7aa344cc49f81bde6d556314e8b772ddf3592ba73 contract-fixtures/device-contract/CommandSettlement.json
sha256 046ee06576a653aa653118f6c072d5b90ecd5de88acd3dd6397d3c5bde748315 contract-fixtures/device-contract/ConnectionCases.json
sha256 c0c0f4761b7750eedcbcea02d0f0c1a0b137d860b00276786cd39ae32c2ce82f contract-fixtures/device-contract/DeviceCall.json
sha256 d743c4adadf12522e7afc19b5d6c55e3dfdff129e2a5e4e541627b402a22bfad contract-fixtures/device-contract/DeviceCallResult.json
sha256 9926d13ea376d28213b99a03fad7d22f03c4da4dc13769e69b7a8e5c566f6acc contract-fixtures/device-contract/DeviceGrantPayload.json
sha256 044febb07f025d0e30c74cff9812c7000025aff9e6c60e66549d58a49657a4fe contract-fixtures/device-contract/DeviceManifest.json
sha256 52d1f6672a9e7da8fe6f1177e867c642ccf9731d2760a49234763e3850d937d1 contract-fixtures/device-contract/DeviceTool.json
sha256 c6c9952f44c378acdf8efc24ef37dbb3b949157e8cae5c05cdbb6ecc522442a4 contract-fixtures/device-contract/Frame.json
sha256 81906e7f629e55b09a12b3590c53db5f8d48989d8d226fca36ff7fa560817186 contract-fixtures/device-contract/GrantWithdrawn.json
sha256 a7eb54ba892a7e0473b6214e1175bc2aa276760cf29089021d3ff6ce5428ff4e contract-fixtures/device-contract/Hello.json
sha256 8dca3ed8e081ca36dd7a60100bcf2164d4ebfaf379f123064a98f370a5401ada contract-fixtures/device-contract/ItemAck.json
sha256 d02a36f1a5bea462b7d47073b095481efbf2dd5c0f206e083dd396bc0a700c3b contract-fixtures/device-contract/ItemBatch.json
sha256 6a2d12303d71fe4a410c408f3d0ae176156a6e9edcb45d938a221392dc899ae1 contract-fixtures/device-contract/ItemReject.json
sha256 a156803cd4fbd2ef08734f647c31fa18239480842296b5f2f8f0bd542df85682 contract-fixtures/device-contract/ItemRewind.json
sha256 1333e63d2e6c7f73e0860a9c1894ce87e94f76a77266b5bcc266df4c54b9fc54 contract-fixtures/device-contract/Live.json
sha256 e427ba359edf3bc87b00375bc6396de7aa1ca76b3abb924091b49420a813c898 contract-fixtures/device-contract/Mcp.json
sha256 44c93ea3bbaea9687fcb397bef03f6604f86738f37e64c77f54a29f668287209 contract-fixtures/device-contract/Origin.json
sha256 c2039ea574ea1d474ef5e27b93a97b15eafe0a9ce741aa3189478e018967d44f contract-fixtures/device-contract/ProtocolError.json
sha256 9ad20db5479c212f60fec053f24c0e25be4a6511e38c9ac5ecb14b15192a3d5d contract-fixtures/device-contract/PushData.json
sha256 2c2c5fbdac84e60df3ce563ceef87938522bdb524e09f711d6a7a88cbe3c4468 contract-fixtures/device-contract/PushMessage.json
sha256 f8fec0a90716e638588fc56469ae98a4c14f95caeefefbad9f5f6f4403df730c contract-fixtures/device-contract/PushTokenUpdate.json
sha256 2728f8f6dd591bffd645512671e162f72b6c4f26bb45de039b76e43a4889fb10 contract-fixtures/device-contract/StreamState.json
sha256 05a14ed76b08ff2f6ae0b0baafe6b98cb3401fe0d174d6885c7db3aee991d04e contract-fixtures/device-contract/Welcome.json
sha256 759a3d75231bd1c911302539ce38db8ba8d6e9746bb26d8b0010e86f284047ee contract-fixtures/device-contract/rules/connection-state.json
sha256 eda1464d7ca25cb637766c966a6d36bea3b05b78dd0913a2a633bcd8fd3c1204 contract-fixtures/home-contract/AttachmentDraft.json
sha256 64cc26bb38867fb4cf59de54608df2f10a0a5d559c5bf50cc3da04e7677ba729 contract-fixtures/home-contract/CapturedAroundInput.json
sha256 117c37cca479238c056fcb429bfc3a43d05f301cbe055033deb2bb202ab381fe contract-fixtures/home-contract/CapturedAroundOutput.json
sha256 a82b8c5c3b014c1fbc226eab2d5bdd65a1fac485f9ad5d46cc29de9bd1fd1644 contract-fixtures/home-contract/CapturedCleanupDecideParams.json
sha256 c08979dbda2deb6b5753348ab2797a2b4ccfa4ef76142694b359c607083a26fd contract-fixtures/home-contract/CapturedDeleteParams.json
sha256 d749278c52b2bda38cccdd6ab6e649f95e53624bb8c32add5106372fb566a904 contract-fixtures/home-contract/CapturedDeleteResult.json
sha256 3139be850ee55c59d5faab4453b98d111d125ac49e426ab56ac65684e56d5d8e contract-fixtures/home-contract/CapturedErrorResult.json
sha256 5b098791d6c10df91e48f0dd9171354c109ea5b497d53fed4916991637f25421 contract-fixtures/home-contract/CapturedFramesInput.json
sha256 9aaa1c0d3b0d9e9bdf35928cff355c848b52fa93f787d9e1d831357d0c0a7e09 contract-fixtures/home-contract/CapturedFramesOutput.json
sha256 8ab8a98050a217f4cba181837db72061570c4cdb2aef2a2a046bee99133aae4b contract-fixtures/home-contract/CapturedGetInput.json
sha256 3c522f97c1e8ecf63b00d83553bf71749fb40bc1fe98473a680c5849dba8f94a contract-fixtures/home-contract/CapturedGetOutput.json
sha256 18ee1df3be017accbef6bb97d4cbcc06d641e247158cea5f61d0fd2f4cc3a35f contract-fixtures/home-contract/CapturedHealth.json
sha256 b96eb9a7123478c7e6d8b43285ff065682dfc1635fd546c8ab96bd901db5982a contract-fixtures/home-contract/CapturedIdParams.json
sha256 cf2123ae0603dae514ddd0f369cf261947284d0bb7b20f1b1a3503549181cf27 contract-fixtures/home-contract/CapturedPackageResult.json
sha256 8bfa6a4be45cea239b981b0922b08f2403a97d5d46585104d07faf99e9129c87 contract-fixtures/home-contract/CapturedPictureParams.json
sha256 28a1df21917f8c6c4b77156105127a496c9f8395b4e678670ad0953ad8beb2e9 contract-fixtures/home-contract/CapturedRecordingsRetryParams.json
sha256 b01bb4d2b06e518e2d36ff29a6f303087e5d93a9431e62205703f5a63b1413ce contract-fixtures/home-contract/CapturedRecordingsRetryResult.json
sha256 99f8e5f5a820160136d29fcdf9856f12a495e8e84eb043cdede747121edd50ad contract-fixtures/home-contract/CapturedSearchInput.json
sha256 bd05322f7fc14c69adce2bbd54911b52e95aa5791ed9df2c58be0b48efc5262d contract-fixtures/home-contract/CapturedSearchOutput.json
sha256 3209a9643c33f550a2aa10261cdf2e7d151a11762a315f223ad7c6aea999ee7e contract-fixtures/home-contract/CapturedSummaryInput.json
sha256 3a7977a1dcc42fd1b6e3eaf221f420a7ccc89dab6ce2b01ca90f47c5a8d74b2a contract-fixtures/home-contract/CapturedSummaryOutput.json
sha256 311bc6cbfb3b5753ac315d1c443b0ca2e33f30b7d49888c20d813f9c9aa3aa86 contract-fixtures/home-contract/Entry.json
sha256 56cdd7d445ac083cb7bf309954cdee6ceb2aee106622e1a754f724bd326d9c5b contract-fixtures/home-contract/FilesArchiveParams.json
sha256 5f5bd3ddfd3d745e4fe706700e2f3f67ff66b7da05510d224668f194c45a04c7 contract-fixtures/home-contract/FilesContentMeta.json
sha256 85e0554335f116fb1aa9ef7923183a944cf4e764dccc2a2315abda122794874c contract-fixtures/home-contract/FilesDeleteParams.json
sha256 25a66eec87824c2a94e770a5e7680c687f078ad69f5ff22b2fd9f71ab4c0cd1b contract-fixtures/home-contract/FilesDeleteResult.json
sha256 1a3643ef76389ccc3a8d7c8f9a443167b7d14522a8a23a3f2953a7a6e7fd7f39 contract-fixtures/home-contract/FilesGitDiffParams.json
sha256 8a8a962f65c6dce64786f2b97833de278537a0b8c64adbb6c29f333091edf560 contract-fixtures/home-contract/FilesGitInitResult.json
sha256 b06998b5018fc2eb280e0efa04151afe114f89faeeb4c9527fa1ab9b5f6d25a0 contract-fixtures/home-contract/FilesGitStatusResult.json
sha256 4c10a37493fe93a299ad89eff91ff4830fd38213d77510b01c80e1b6034c64ed contract-fixtures/home-contract/FilesHistoryReadParams.json
sha256 16e417b25faf55c07e9cbaceab7fa510660c13c3c3d1a93f18dc33aba6e75df1 contract-fixtures/home-contract/FilesHistoryRestoreParams.json
sha256 c21a9b655c662746018f9e8310d7a80a4ca944b92bae8a4a710ed9d9321beb3b contract-fixtures/home-contract/FilesHistoryRestoreResult.json
sha256 716cb24e17ccac18460dbb94651297cc558ef8eda26ac8459ba68e10a58582cd contract-fixtures/home-contract/FilesHistoryResult.json
sha256 6f4fb37a98cdf2e8cfe7e75aa2e60794d53b74a1d2dbc263d4f894731ca04c57 contract-fixtures/home-contract/FilesListParams.json
sha256 1cb349fb298dda9b0f1e39ffad1fba9ceb6782b218969136a33d40ed02640f97 contract-fixtures/home-contract/FilesListResult.json
sha256 fbd367c7267bfde5d42998da312487405bab1fb731f1e5528ba0d2a20fac573d contract-fixtures/home-contract/FilesMkdirParams.json
sha256 5bd75e437e734bb3a0d389d3a49625a032fd150db3bea221079708c36003966d contract-fixtures/home-contract/FilesMoveParams.json
sha256 ddaa32a569c17fe62cf0b86c2c46154f891d717f1399568f8be0ebd33be92b93 contract-fixtures/home-contract/FilesPathParams.json
sha256 ad37aef119b62e70b6aff043227310bb644f58dfca3955c30b51b7befee2b02f contract-fixtures/home-contract/FilesReadParams.json
sha256 fa7daaf0b7f743f58ac1246497e13bebd7640f2eb9b15a131c0c0901f9aa54d9 contract-fixtures/home-contract/FilesRootParams.json
sha256 6b2c637e611ce7470b9e40cec7f586c7c04b09b1abf5d214161f8d38175781dd contract-fixtures/home-contract/FilesSearchParams.json
sha256 3e7938145436444d8496ccfa662b231add5253c04fac01baccb153b92f2afb51 contract-fixtures/home-contract/FilesSearchResult.json
sha256 c8aecb7d6f42b6850bfe5db28244465ae5274e8e3b2f2c59afef72091f2b69e5 contract-fixtures/home-contract/FilesStatResult.json
sha256 d778b0aacd8f81f4abf0784a67330693a5f3bb69795fa716dcc2787e46bf2f2c contract-fixtures/home-contract/FilesTreeParams.json
sha256 416a404fd459b3ffbcaf8d485a853c92c76e0341fcb53e4926dc75a4bbaf3690 contract-fixtures/home-contract/FilesTreeResult.json
sha256 49a402917f668ab2a1b0d4b4c0d86e8df46ac18b3815c8427a7c40748d736219 contract-fixtures/home-contract/FilesUploadAppendParams.json
sha256 6fcaaad1499186fc478815994f930046eb9d2f4b770d21e915ed23e101543249 contract-fixtures/home-contract/FilesUploadCreateParams.json
sha256 b6b24a4f637d4c5b409a072d1ec9f2d647f53a52b08381dc4a469e60517fc029 contract-fixtures/home-contract/FilesUploadCreateResult.json
sha256 e048066696a88263a9cfba05cf6eaae8f7cfac35fb0fb2caaede746f4ffe5497 contract-fixtures/home-contract/FilesUploadOffsetResult.json
sha256 e8e30e5d3bd155ec344b9e4d8bfb6fc2fc79cbe9be55db13d9740b1f6e8f30c5 contract-fixtures/home-contract/FilesUploadStatusParams.json
sha256 1de19ccb4c53e0a6575abce17f138388e0024ba793393f4e73fcb69d164420e0 contract-fixtures/home-contract/FilesWriteParams.json
sha256 7bd5d5c6b9cb564ea773e5f25adb4f776527bd285e17bfeb75ec14dc2bf90173 contract-fixtures/home-contract/FilesWriteResult.json
sha256 6e920dc52dae243f00daba25205737049b4d658296efd082a1a8c348a9b0aa8b contract-fixtures/home-contract/HomeError.json
sha256 b6035d9bae7b17af5475bd50d3a0c5426fcb785bef1180d68cc7ddb2bd9f8864 contract-fixtures/home-contract/MachinePort.json
sha256 72b56df94480110ac0985a8fc9d2de33a0c1a2ea444958cca78b02b5edeebfbc contract-fixtures/home-contract/MachineProcess.json
sha256 3879a7ee2eec63e77b164ea13b33e4d08599028a062c63981c887c76fcd6b4d7 contract-fixtures/home-contract/MachineStatus.json
sha256 82099e725a15c26738756afca566465ea5f49118742f24fa083847ae378512ca contract-fixtures/home-contract/MachineWakeParams.json
sha256 c4a09ccec84be181631cfea89a3a96b2fa9dee9c4dad31cf05c753550760fc44 contract-fixtures/home-contract/NoticeRouteParams.json
sha256 84cd6802190b2c344768a898626dc064ebad1cbd96b01128ec85332634c2306c contract-fixtures/home-contract/PreviewCreateParams.json
sha256 7deaf48badeeb0791632e5ca16ed90a1ec654667c31d799f72347e8ba8b81957 contract-fixtures/home-contract/PreviewLink.json
sha256 a10df088d555a1dc97a04293ff7b631721b75c5c4250baff4c1f09b1b208a905 contract-fixtures/home-contract/PreviewRouteParams.json
sha256 311aceb3e49312273c1e9411d253db25c9cf287df47dcd87a72b526b8fa103d2 contract-fixtures/home-contract/PreviewStatus.json
sha256 730dc33360edc270fa31de153664d9f500808bbceed74225d7cc03ae8431ec23 contract-fixtures/home-contract/ProcessLogsParams.json
sha256 f7eefdd32fe93098eea160f962aafa8e57893ce786e86102ee5478c658c0282d contract-fixtures/home-contract/ProcessPutParams.json
sha256 c29fc59b9d13cdd2639a1496ef122327636b99cd28ae3a32edc2ffecb5b15e51 contract-fixtures/home-contract/ProcessRouteParams.json
sha256 a9470ec405961a17ebae940151eb473c61c6dc99293e26796932f465e46b387d contract-fixtures/home-contract/Root.json
sha256 44ae3ebef80c32f54363157a548386acb3c066546d3c7076c8b192a4935377dd contract-fixtures/home-contract/ScreenCaptureInput.json
sha256 f2b37458f92f54771f84bcc9d0379b9081be777a231958d532a083c05d4b6780 contract-fixtures/home-contract/ScreenCaptureOutput.json
sha256 f9634bbdbcf6ba0a5d637e3aced315bdf8cedef11fa203d08e6d25d8176e0f13 contract-fixtures/home-contract/ScreenDrawInput.json
sha256 f011248c32833c0f6e9b41e58e93be405a8fd22e0f4cb1550ed625542921e23d contract-fixtures/home-contract/ScreenDrawOutput.json
sha256 a4389a24bc9a7f03cc1b13a63e277de3ae739245fee242a805e29dd9afad143a contract-fixtures/home-contract/ScreenListOutput.json
sha256 fd3b7a9b16eb2e8bfcc15ae691a621c58cd5cd942e395b22ffa88b3bb08e2f44 contract-fixtures/home-contract/ScreenPanelInput.json
sha256 429304cb2fecc79631eb66e2a20889760e5b20b117667da990bad6468b3aef65 contract-fixtures/home-contract/ScreenPanelOutput.json
sha256 10c43eae33bee2914112264cf065cbeaca8254954825be5e30b05863bf4e1a7a contract-fixtures/home-contract/ScreenRemoveInput.json
sha256 c2a9dd729d39808b1a016fd22471e142a9a7aaf18e64e4ccb9a73d4e5991b16d contract-fixtures/home-contract/ScreenRemoveOutput.json
sha256 f42c2e396fc8c679cf315bc978458f64809ae6618b9943c7c1c1d815dbf6e7ed contract-fixtures/home-contract/Snapshot.json
sha256 4df2bc2b4d394c52347583506ff3c19e946b65274e0c2cc2191661b9fc3226ae contract-fixtures/home-contract/SnapshotCreateResult.json
sha256 386880ca9ba0a3a737c07294423e8350131c6ce466ac3c3395b960447eeef668 contract-fixtures/home-contract/SnapshotListResult.json
sha256 dde015f8f732a0fea6f087955e3d3229d207abc176834ad285f81ba289312b49 contract-fixtures/home-contract/SnapshotPathParams.json
sha256 c31135328513c4266743c8ac09ee33c7bfd460e41c256d6bc5583d8d6a5fb4af contract-fixtures/home-contract/SnapshotRestoreParams.json
sha256 4a1837ec284051778fd9253f9f1e20369cbd7d1a51bb5304ca47f959019e9cee contract-fixtures/home-contract/SnapshotRestoreResult.json
sha256 44ae452cb8725512e7398b02f43fec07083a26915f6e209c735b078e21d649b1 contract-fixtures/home-contract/SnapshotRouteParams.json
sha256 27730db0f365c4854f100d4480fccb7172a6a54fd3f23c33288076ee8c330d1e contract-fixtures/home-contract/TerminalClientMessage.json
sha256 16b8ff05b4052de2b3ae882372c5db0e9e4ca46bb5cfbfcacbf9f6970895eb19 contract-fixtures/home-contract/TerminalListParams.json
sha256 f1e9b38d723d0f516e52d6cacc16f5c0f50d3430fcc879815734ad7881a9c61d contract-fixtures/home-contract/TerminalListResult.json
sha256 23b0f0a2de59845110dc7f286228f3428e2e7dc656f551eba8e606d80a29c70a contract-fixtures/home-contract/TerminalServerMessage.json
sha256 28e9d5563a957e17e7159632b037e6afacfd6368b4debdaba1c23ae3586a3ff6 contract-fixtures/home-contract/WatchEvent.json
sha256 34e7740f48f776a3c32becef7b6b252342210a98366036bc04860953edfd53ea contract-fixtures/home-contract/WatchRequest.json
sha256 26831f071a55292578cb9c81895bfbd0b9cb8c030a36e46767f06e3818c842e2 contract-fixtures/personas/DelegateInput.json
sha256 6001444dbefa9e19e957081aa23ad43949dcc046356c6a0b7650e3759e20676b contract-fixtures/personas/DelegateResult.json
sha256 07779efac3841ac030bb0af174d599799169d034bc90f0c8a82f022c4ae9b1bb contract-fixtures/personas/DelegateTask.json
sha256 6c2fa057ec01dd1b47efb3d5b690f4d4a5bc433f89e679a6418ce82db8caccd8 contract-fixtures/personas/DelegateTaskError.json
sha256 d3a5c23bbda29e887cb95c948e1c2e62d51bf27ec3bc6efc15da5e6dd4e8d5a7 contract-fixtures/personas/DelegateTaskResult.json
sha256 461c97d716931477883aaea7cf41dc6db3c415959c3cf525a7ecca7674ac81c1 contract-fixtures/personas/DelegateTaskStatus.json
sha256 026be02040b0ceb3d171c81175f38edc3902c2088cd614ef1cc5a1ecbcfb4a61 contract-fixtures/personas/PersonaHeader.json
sha256 d4a0adb1aaa4b6cde0d6836fe73f10a7b80cdd2967e0d3b2fc0c5cd4e6e212c3 contract-fixtures/personas/PersonaIssueCode.json
sha256 747b56782e2de7721fff12657bc6cbce858c30d326c50262f3760164288ebada contract-fixtures/personas/PersonaMemoryError.json
sha256 ee8578d6d7e3cfa4b2ceaded7d4033809618939b23955b72d97803d58304878e contract-fixtures/personas/PersonaMemoryErrorCode.json
sha256 a8a1b49a8a72923693e0a34d8e6e024f37d2d7cb414fdce909c39f74bed94b71 contract-fixtures/personas/PersonaMemoryInput.json
sha256 704db8c579af23192baa7776f25e17cda839b344560086269d4b98951ed42bbc contract-fixtures/personas/PersonaMemoryKind.json
sha256 a8aa3b091882423e519761c700b99f9b958771fb1ad1f2a139074e75d8928d13 contract-fixtures/personas/PersonaMemoryOperation.json
sha256 07dd99e42a260a51c1606c1afe247a4fcf73be9a0733818cdf23e269285de50d contract-fixtures/personas/PersonaMemoryReadResult.json
sha256 c41bd6eb5122a411b1c4510452e3cb73694ec2e1aec1bb450f355c625b3f6079 contract-fixtures/personas/PersonaMemoryUpdateResult.json
sha256 fe367fd5f2f8e491dd4560e4b60f0320ab0b1ef2f03fb84b7847cd7e2bd5e64a contract-fixtures/shell-bridge/AnnotateStartParams.json
sha256 d7a986cc02aff8a4740ae5208b7628ea779d86fd2d18478f3a9ce248864f111e contract-fixtures/shell-bridge/AttachmentReference.json
sha256 8603384b396909ae1d98b15e0f745d33532d28105d80fe32ab63c24e99a64f5f contract-fixtures/shell-bridge/AttachmentResult.json
sha256 c695ca5b903ee22211a1b95213a680f17c4801d174fcf2fbb99597ab1a6d7b65 contract-fixtures/shell-bridge/AuthEndpointParams.json
sha256 e5d9fbbe03265e122de04dff2733cb5e98ec44f7dd2018c3ac54bd15f34b5b68 contract-fixtures/shell-bridge/AuthSignInResult.json
sha256 d687ad30f9f01abe387e1cb0a068e8f36a0692aa23cb24e6a0d69e5be0ffc51c contract-fixtures/shell-bridge/AuthTokenResult.json
sha256 4176fce1e937eb0a43f30083a52408fe9ea9e3d9e94df5ea3beb3ea2730ec66b contract-fixtures/shell-bridge/BridgeEnvelopeHead.json
sha256 a6a3a47337bd261249971a0e961b9b7a86b07a267f4af2286c950f6cf29f04f6 contract-fixtures/shell-bridge/BridgeError.json
sha256 a9642ea9a063ed89cf2f7f7c9ca6c81c044359a9827a8f568bbb6d8d1624aa95 contract-fixtures/shell-bridge/BridgeEvent.json
sha256 fd662028be8a1c8651bd9d7483165d571fce7d2fe93dc07add4dec50aba527f9 contract-fixtures/shell-bridge/BridgeRequest.json
sha256 9c253a239d1cbf3965efa15a6467ea0053a7e697d739d1aa59013a378afc2e3f contract-fixtures/shell-bridge/BridgeResponse.json
sha256 491f7dd34cda51441845b6e88a6b31e47b844008a17fadaa59db1d2ab8fdffa3 contract-fixtures/shell-bridge/CommandData.json
sha256 fcdbccbeb28c1c35ed4e132c9068e320b0305d0c2d8d153fdce885c061ecc19e contract-fixtures/shell-bridge/ComposerAttachData.json
sha256 e93a1ddf7d9428014688e7325b383e438ab36ba1f98189bb1390c96644fd3dbb contract-fixtures/shell-bridge/ComposerInsertData.json
sha256 014456c27121d51f21e12bea1202f66c1e3c0bb9084e81bb7b1e05ce7a158a96 contract-fixtures/shell-bridge/ComposerRefuseParams.json
sha256 490dda1e0a9ec1b02ec31d971e74c609f53b900f595fb590ec0bb94500e0b33f contract-fixtures/shell-bridge/ConnectivityData.json
sha256 8033ffc911270e4bd8de6bef6b249520af5c182f0f25da490fe7bf759b9bb11f contract-fixtures/shell-bridge/DictatePartialData.json
sha256 37a092100836db6b655e62d98b877073acf5d853f2c1979e6a6353bf8f822af4 contract-fixtures/shell-bridge/DictateStartResult.json
sha256 036df8e72ba865d19e5ca2f21938e90121b4cbe551789854695f79dd15b92dfa contract-fixtures/shell-bridge/DictateStopParams.json
sha256 3c8eeba738b9d7eb81c9ebe58d2184052d99645b5aae73995b003f231caf3ab1 contract-fixtures/shell-bridge/DictateStopResult.json
sha256 d8598ce159540b78b120f7dd4646ffa0a0c6dadec25203b8bd562c9bc7ccfb4a contract-fixtures/shell-bridge/Endpoint.json
sha256 24a50d3606f21ba3f885d80ed879148e8382ac3b2f4b1b344a96975118d502ab contract-fixtures/shell-bridge/ExternalOpenParams.json
sha256 8120291fb8a7ce0df4f76aa8f0134e02b01b0c4d3ab2b1b9f1b2312ebd3c19b8 contract-fixtures/shell-bridge/FilesPickFolderParams.json
sha256 eeb868da044ae21462288710999b360e2ff8523ba9340adb0e724262ac8c00d2 contract-fixtures/shell-bridge/FilesPickFolderResult.json
sha256 de86f858ee109bcb58212a350340380e1f3dda9a3bbe907994f72466fd6d4950 contract-fixtures/shell-bridge/FilesPickParams.json
sha256 50e281ccf033b0885a03e6eb3ef8ebb8a5707243025b7c35aaeb8d62bf417e05 contract-fixtures/shell-bridge/FilesPickResult.json
sha256 74a4b6792603c854a613fd5e8fe78411cb3ca1b564bd936ac168f593cc2dbe65 contract-fixtures/shell-bridge/FilesRevealParams.json
sha256 86afb54ace081e5e2c81bf5c0647f55f64319af2ff6e4fa9123052426fda9e3e contract-fixtures/shell-bridge/FilesSaveParams.json
sha256 8211522c3059deac4130fed98c1d768aaf560ad70449c950f1d815c82b339d78 contract-fixtures/shell-bridge/FilesSaveResult.json
sha256 42969e6423392e19aa3731461c4eae8a7e4ba801d2d5a226d39781011e11d0bb contract-fixtures/shell-bridge/LifecycleData.json
sha256 4f06262e05beeb2f1a5d7033b1cd11e494649ef3d4983b5800ffbc93a8958455 contract-fixtures/shell-bridge/NativeCommandArgs.json
sha256 1fb6761b48ae8beb94bf98f6fbb8643beeee158860527ee424cb86a86725e015 contract-fixtures/shell-bridge/NavigateData.json
sha256 bb45c250483a49a0a9db24f72d29ba39ddbdcd619f6819124a474974f9cdf7d8 contract-fixtures/shell-bridge/NotifyParams.json
sha256 e840d47d25ec9bf5a0e448c672141a481450b89f91d858e0fa4d9ad1b9c119f4 contract-fixtures/shell-bridge/NotifyResult.json
sha256 f38307babfbace9066c8f883c3bc3db665884d8d41703ed57a6fa44f94a09a02 contract-fixtures/shell-bridge/PermissionRow.json
sha256 88175fef4d264bd724e27b9f0f48246b4e134224459e8e0104ba542bdf8d78fa contract-fixtures/shell-bridge/PermissionsListResult.json
sha256 3dace3fd69cf1759c6b6c8f5b416ae1b11c742ebc1cded473c7ae08d3864d2de contract-fixtures/shell-bridge/PermissionsOpenParams.json
sha256 7e54f855f1ea1974c761f9a55a88737a3efa684d3fa98898d7978ac94f53a548 contract-fixtures/shell-bridge/PersonaCreateParams.json
sha256 42c2c0183f142a537fdb5da59ec8250946f7afdee72cd6b34d178157363bcf10 contract-fixtures/shell-bridge/PersonaCreateResult.json
sha256 64c8fc81ad25c45119c3d4254ef0667eae7ba240d9d659455f5b92c9b515021d contract-fixtures/shell-bridge/PersonaDeleteParams.json
sha256 0178dfb3560ce73aa20dd8516cf3b7d72547e5d143a0c3a99c51f2a58cee343b contract-fixtures/shell-bridge/PersonaTemplate.json
sha256 8af3e0bbf53d1c8512b0842b342a51ee070bccaeb574e9cca60a1b41b09fffb6 contract-fixtures/shell-bridge/PersonaTemplatesParams.json
sha256 d354b05812c1d15632642a431dee40dd1e9081bb6fac11a91fe982d65036fe3a contract-fixtures/shell-bridge/PersonaTemplatesResult.json
sha256 c1efb250ce7b2c36c2fba96b6a69d90027ea6a8fe0ddd61f7b5f086346599c56 contract-fixtures/shell-bridge/PinsReportParams.json
sha256 0953c337321bc53743a9d234b2aa1f3a790dfff74bb582801f227c7ffca9816b contract-fixtures/shell-bridge/ReportedPin.json
sha256 ff841ba4c4be55eda2a8dca0b9970db662af52a53563e0b54b63f984d2d90c02 contract-fixtures/shell-bridge/RouteChangedParams.json
sha256 ea86b4ca9e0c354b2c3105a00a4e2cded1c444338159fcc2eaaa8b8fa44c4e64 contract-fixtures/shell-bridge/SettingField.json
sha256 b0e44411dcc39ed46da96b87ba1fbc5eb1feaa6774d300869e441d642c0b69cc contract-fixtures/shell-bridge/SettingValue.json
sha256 a840790f0561e1df0e5c03bad05f65dbe23ee93ef30177f176b2fe838ae346db contract-fixtures/shell-bridge/SettingsChangedParams.json
sha256 f976f48d08073cbe0b6cc5a77c617d146e9370087e5e67faf0a43dfc505b8cde contract-fixtures/shell-bridge/SettingsGetParams.json
sha256 ea097a000f51f64976c3a89caa510b237f471ff5826cb19db26390168bbf8db4 contract-fixtures/shell-bridge/SettingsGetResult.json
sha256 4004affd00b55ac42155030205521431649e4a40d3ab4b43e1906afd26e06df3 contract-fixtures/shell-bridge/SettingsSection.json
sha256 e138df26c62ee6cfc1b40e5083159ed7279e0740ec7177e314b36c82dff09427 contract-fixtures/shell-bridge/SettingsSetParams.json
sha256 7a1f3b132244cf78b14fd51c08347bde50932845b0b1365aedd3500467a0dad4 contract-fixtures/shell-bridge/SettingsSetResult.json
sha256 afaabfd7625919f2d2ae973909ac2e248cda6cbcfc5a7368374c87e2f856a0c6 contract-fixtures/shell-bridge/ShellAccount.json
sha256 41a26ff89ebe83c54f31e2e03399d56b4a4391dd52c885bc5ecd3c3cccc1466d contract-fixtures/shell-bridge/ShellDescriptor.json
sha256 6fe056a847c67ab1a987d682bd3457653b571d56c4975e210eaffd78ce6aaf88 contract-fixtures/shell-bridge/ShellEscapeResult.json
sha256 c757c1b954fb15d2f533d1c68221b1bb892a198a00dfe7a967ad5fb6cc50e2e0 contract-fixtures/shell-bridge/ShellPlatform.json
sha256 309cb9aa291ba99ed260e4c553bc3abe4c7a490bc9923ff29d59de337d032a75 contract-fixtures/shell-bridge/ShellReadyParams.json
sha256 dc1297c5a8da91d0197344a89182bdecd4bde39858e88e63bf48122f027df7ef contract-fixtures/shell-bridge/SpeakStartParams.json
sha256 bcff25a7dc2c0168e8adfa8fd08f4982d8abda6306c3fff55bd8548ec2f1e009 contract-fixtures/shell-bridge/SpeakStartResult.json
sha256 a10864f3fd113047a8aace4c1e33091f697bb50743ed46047ec153bb9785ec9f contract-fixtures/shell-bridge/SpeakStateData.json
sha256 c6d64223a077d02ebbded5058aa13040133536cba3b12f57e95e50ae593e128c contract-fixtures/shell-bridge/SpeakStopParams.json
sha256 24c6ca8994dbcc0f1c397d3b0b3e72965ff8da51efb425a07f147b353f150ee8 contract-fixtures/shell-bridge/ThreadTargetParams.json
sha256 024f64cd77c428a9ec3ddee4a57c7f1bbd847703fb245c7c83b2b1d47bc33fcf contract-fixtures/shell-bridge/UpdateAvailableData.json
sha256 f470a2310a59b90e7d7307bbf34b580d3ce1f9f7c82dd690a843b4211457aecc contract-fixtures/thread-protocol/Attachment.json
sha256 063d5d1eb5397c059cda8e7d42b1a373f1cf89d3ce66c3331822a652ba7b1226 contract-fixtures/thread-protocol/CloudContinuationOffer.json
sha256 7e8885688b852f82691b4b710006474132e94e76a8f7d32d3cd5e44f0914cecb contract-fixtures/thread-protocol/Context.json
sha256 934ee30ddb93476d950d2bc2ad628655069e39afd8e97d31992e48459a39d633 contract-fixtures/thread-protocol/DeviceAnswerQuestionParams.json
sha256 3193717376ab0cab6b4bb00566e7b17c6284832b6741f06975f9e220031830bc contract-fixtures/thread-protocol/DeviceQuestion.json
sha256 d8263e9913a82c1745f904315e5328f45f51c54f1ae95a8470a018a236757f57 contract-fixtures/thread-protocol/DeviceQuestionParams.json
sha256 5cf6a650bca3763a4150469dea5df52186a6ac8a9729059113caa46569ad14d2 contract-fixtures/thread-protocol/DurableEvent.json
sha256 4e3c0c89b52c12cb462653fdbd4aed728b62afc8e371bcd452883cf755c40e8c contract-fixtures/thread-protocol/ErrorData.json
sha256 2767b378d2f5dc192e96aabb1f882ddaba95ebacbae05cbc219494e1a0c0cd2e contract-fixtures/thread-protocol/Home.json
sha256 aa9f4f767aa8ef43463f26a7fb2f2c7eae90085fd2764823d09e221ff67822f7 contract-fixtures/thread-protocol/HomeDescribe.json
sha256 1b4c0e1b7b11cb7ec912e78a49c8e24eb45cedf6a73e42b153d112f30f45981c contract-fixtures/thread-protocol/HomeUpdatedParams.json
sha256 aff8bb2e98a056c1175f72cf7f8aa0a1c22dee094e8c1fa7f5446fa66c9dc7ce contract-fixtures/thread-protocol/ImportStatusParams.json
sha256 be3db9ff7c00949f2b4d2d50e5e9e31b6a00832c18770ca55b17d8d261c97563 contract-fixtures/thread-protocol/ImportStatusResult.json
sha256 09db6e5f9a7cbf0b991d0ebf536da2915c9d50231622939bb800a684fe71f516 contract-fixtures/thread-protocol/IndexListParams.json
sha256 9fd1446e351e30a7ec87185439007d1cc89bfd11936b050070ef0b3c3aa4d193 contract-fixtures/thread-protocol/IndexListResult.json
sha256 928517d5fc2d503326f1e4809dfa456bb10b0e85921c2842be0f99cbe6ae357b contract-fixtures/thread-protocol/IndexSearchParams.json
sha256 5e6ef470c4ed6d2464e532b4be332dab48eb0cd6222b88180ba9ff3ee45a2d59 contract-fixtures/thread-protocol/IndexSearchResult.json
sha256 97db6be251ea45323331a0f7da6c6cd69c4ca49e417de35b23c5bb0c8ccab62e contract-fixtures/thread-protocol/InitializeParams.json
sha256 305210689cde7f6e302ebeb304ed7f39310fc8f62cb8a9885cc186853f0a0d60 contract-fixtures/thread-protocol/InitializeResult.json
sha256 14af89abaeee207216df006ceb1ae200d8e6e1eb5e32a320aa377b7b7fb20f4c contract-fixtures/thread-protocol/Item.json
sha256 6d3d38240cfccc8e62555e5b2a51af9a98bc106789fe62d1b45642a4608871ab contract-fixtures/thread-protocol/ItemEventParams.json
sha256 b894645aa12eba57a79ecd3cb3c8ed161cd234cc05027bab77d981e8e4449635 contract-fixtures/thread-protocol/JsonRpcError.json
sha256 203005ac3fd164e0562a2170b4d0aa80297b70cd25c5790f20a94cc998731fdc contract-fixtures/thread-protocol/JsonRpcNotification.json
sha256 82f040d218babddd8f5a251777e443f56849f64497cbeca429e6b65f834b6173 contract-fixtures/thread-protocol/JsonRpcRequest.json
sha256 2d4d4538384623ea06b997a8aa32ca4a568b5d4b96d695f21b1d165ab09084ba contract-fixtures/thread-protocol/JsonRpcResponse.json
sha256 a7b7682ba29102d8b57fec65c034ef54b8ae04d29742b3074bd780d0b9872080 contract-fixtures/thread-protocol/LiveDelta.json
sha256 d6d23482d6c06f895b8af9951e7b6ac0b228d526c9c5a5a213eb00860814f1bd contract-fixtures/thread-protocol/MachineState.json
sha256 67422214bfa8a4837cfa2b72ba1d1d2f8dc808738d70e944cf24acb14a9a60b5 contract-fixtures/thread-protocol/MachineUpdatedParams.json
sha256 d3951cc887a8f9feb483266e26969edd7334feb4f4936bdaa91eebefbfaa5cb4 contract-fixtures/thread-protocol/Mark.json
sha256 907454e1b7a44c9cc207b6bfeacd834150deca4d495d863b4ef12f7e06222e5d contract-fixtures/thread-protocol/Persona.json
sha256 81d9c1a260de38c8f92309bdaa4fe5d6bab50c7467d5e17e4b7e1e8ada801f5c contract-fixtures/thread-protocol/PersonaUpdatedParams.json
sha256 9beb267703c618762316c27031bfe5bd69b0eb4d4e6ddfefa77b611c39ba10df contract-fixtures/thread-protocol/Project.json
sha256 0ebc7f7838a3f76efb8d753c583e5d45eb3a223bdedc6d41eb99fae7fc893c29 contract-fixtures/thread-protocol/ProjectCreateParams.json
sha256 24352e98f334a827669f98756abb65fa4d28669c5cc15c91d4ac69ff349fd8ad contract-fixtures/thread-protocol/ProjectRelocateParams.json
sha256 564df0da80ceb7792a2e391d8b6b9f5ed4d9b5a046212ca23370ae71ea626394 contract-fixtures/thread-protocol/ProjectRemoveParams.json
sha256 a6f4aba253c8862d2d348e4f7b474188cfd5864d8255ee4fe217acdb0b13c7c9 contract-fixtures/thread-protocol/ProjectResult.json
sha256 c0837abe72718a8cd5a6018c701c48a7ee260b97a3ec0e3157ec533461854c97 contract-fixtures/thread-protocol/ProjectUpdateParams.json
sha256 e948b472be4716904dfc8f6b9f7683e1c437002f1724fd636479649746e7ebfd contract-fixtures/thread-protocol/ProjectUpdatedParams.json
sha256 cebe663364542673ff9bc57da09dc9b7bc19c62eb43f254af7ce9dd18a3572e1 contract-fixtures/thread-protocol/Thread.json
sha256 8d3104e4b678802034802fc325ff92a930b10d9d41329c14a21465159e722a50 contract-fixtures/thread-protocol/ThreadAnswerApprovalParams.json
sha256 bd20b41937066927dee12ae0eeddbb7e1891c8eafe46446a68fd2509771e4b69 contract-fixtures/thread-protocol/ThreadAnswerQuestionParams.json
sha256 125a524a9d0910ac3ad770e1b865ad7b38a869195d2339010482028061240045 contract-fixtures/thread-protocol/ThreadArchiveParams.json
sha256 641844c4bd18aeb7c6853b89bcd29b43e2565d11f10f8800be879e17fcb1931e contract-fixtures/thread-protocol/ThreadCloseParams.json
sha256 e83da08b6bd69a3649b3950e8684496940819dbff421abfdca9ba78094fad672 contract-fixtures/thread-protocol/ThreadCommand.json
sha256 b4ff8019e18cbdc3615cf70830b2ef2408555a38e91a5d41cff7796f27661f6d contract-fixtures/thread-protocol/ThreadCreateParams.json
sha256 71b4db1a8e0213ef29399db4259774445a4fdc3ce76354dcae4834f3948032a0 contract-fixtures/thread-protocol/ThreadCreateResult.json
sha256 c5b057023fdfd11a380bdab199e0e141b96f4949a1e3239f13c757fe428669d3 contract-fixtures/thread-protocol/ThreadDeleteParams.json
sha256 1a52fa2e3faa90b9c5d3afd41e3cf578e08a947dc1fa2d10bc314d40233dbff8 contract-fixtures/thread-protocol/ThreadEventDown.json
sha256 257ffab5771c8bbb5ad1da7d8d5440f64267e43f4cf015484b3358aa92cf2cc8 contract-fixtures/thread-protocol/ThreadEventUp.json
sha256 95fe52c9f4a7c50e5778eaa7baf8a957884f707048139abd37c4bdf38e194e7a contract-fixtures/thread-protocol/ThreadHistoryParams.json
sha256 93d38739e2a235990d9f66828ee3533f88bff99fc64e1e8b609920a0e94f4d17 contract-fixtures/thread-protocol/ThreadHistoryResult.json
sha256 7436e9069bb572de2789949b9c1dec9c11c2df0c6479808beda17f2ac907bf78 contract-fixtures/thread-protocol/ThreadMarkReadParams.json
sha256 23985f2865adfde2eeae40e477ba019c90794319399276fc69a03f16e69e7332 contract-fixtures/thread-protocol/ThreadOpenParams.json
sha256 08fb3ca0277cd1495db1d467beedfddb5347f87f76b31f49eb081921b216e086 contract-fixtures/thread-protocol/ThreadOpenResult.json
sha256 e6dd164c584e30c9e4c78013bc7b4d56f4910a7f75d370569e3ddfafb42d53e3 contract-fixtures/thread-protocol/ThreadPinParams.json
sha256 389ee8654792c435d30f6af0adf9bf764ebc205a575201507f8e0b52ad655706 contract-fixtures/thread-protocol/ThreadRenameParams.json
sha256 e5f31a278e1955ff0382d965821f8a6a1e1c5cf5f542b9458654eefc81818a67 contract-fixtures/thread-protocol/ThreadRestoreRequest.json
sha256 6759025df98b9c06b2635d2543233899d74bc2b530d5e5aafee08722b46b4b0e contract-fixtures/thread-protocol/ThreadResult.json
sha256 913f90dfb0aac52beb5b7bd308d13c00e8f22c2ed6fe66f75e621b180fb3aa39 contract-fixtures/thread-protocol/ThreadSendParams.json
sha256 75d8a5d82b78c8324d352326235c0faefd8fb17c328dceb1a6698f4b207d4fc7 contract-fixtures/thread-protocol/ThreadSetAutoTitleParams.json
sha256 bf50f30c7fadbfdfc564f7ebe66edc7b9938488d0e4292c234e5181061143c36 contract-fixtures/thread-protocol/ThreadSetOptionsParams.json
sha256 b4558bdc7cfbd5ecf8ab4d5eefd9e5288cfc1fa112cf9b670f3809a35c056823 contract-fixtures/thread-protocol/ThreadStopParams.json
sha256 aad835bf56a9e733eafb06a9635e51374861ce6715b8dbe24fc860c7363a0aa4 contract-fixtures/thread-protocol/ThreadUpdatedParams.json
sha256 3f41a3ba073fbe8e5bf0ca3e69c55573a9b8b729cb0270da611607ef4a13963d contract-fixtures/thread-protocol/Turn.json
sha256 5c011d034db9f60a26b6d1f52ba298f3bb31c66f834db9fc944dd093b47acfbf contract-fixtures/thread-protocol/TurnResult.json
sha256 8a93211b333a2312c8a29ae0099d198861defec0f03a5bbb14872380f5d32a49 contract-fixtures/thread-protocol/TurnUpdatedParams.json
sha256 7cd4637e73f4e9c88bce35df4b83fa98a1cc3c9884aae4f11c357c685196740d contract-fixtures/thread-protocol/rules/branch-names.json
sha256 2e2aab75f0445ef3c6cfed29736cc43247d60234235f3ba890b4663cecc6c4c9 contract-fixtures/thread-protocol/rules/clean-text.json
sha256 b4b7e48a5bb20b5daf90ee5ff787b30973f3f3fcc9630af8b945f8193e42050a contract-fixtures/thread-protocol/rules/cut-text.json
sha256 927a42135bd8bdc3cf10614368658144efaa1b5cade05fc76f4d27c1628dedf5 contract-fixtures/thread-protocol/rules/first-line-titles.json
sha256 57f67fbe3fb40b66a23cf817e2e0e9897692c55f927f6d324adaf87ccdcc4da3 contract-fixtures/thread-protocol/rules/marks.json
sha256 0e7d92304d963b4a539e04d8d0c52e763f6f0c6a2f97b61dae7152a6d82dd8fe swift/Generated/PlatformContracts.swift
sha256 13a1de21cb358fe2f5613276dd70a8e622ceb9fee3e07e60e868814b0ef72296 swift/Generated/PlatformContractsFixtures.swift
